{
  "requires": true,
  "lockfileVersion": 1,
  "dependencies": {
    "js-library-detector": {
      "version": "6.2.0",
      "resolved": "https://registry.npmjs.org/js-library-detector/-/js-library-detector-6.2.0.tgz",
      "integrity": "sha512-awXXfAhJsTHahnGu6ybexXuvzX7amvyovXbK4Jo9FdPeAXMORkW95jbReXExjjyAERooJTbzco2toRVpIXBs/Q=="
    }
  }
}
